
Microsoft Visual Studio Solution File, Format Version 12.00
# Visual Studio Version 16
VisualStudioVersion = 16.0.30907.101
MinimumVisualStudioVersion = 10.0.40219.1
Project("{FAE04EC0-301F-11D3-BF4B-00C04F79EFBC}") = "ColorFilter", "ColorFilter\ColorFilter.csproj", "{460FAB5A-C4B7-43CF-B086-509AE26AD6D7}"
EndProject
Project("{FAE04EC0-301F-11D3-BF4B-00C04F79EFBC}") = "ColorFilterLib", "ColorFilterLib\ColorFilterLib.csproj", "{F9F62741-F0CE-4E9B-BFA2-7278441FC00F}"
EndProject
Global
	GlobalSection(SolutionConfigurationPlatforms) = preSolution
		Debug|Any CPU = Debug|Any CPU
		Release|Any CPU = Release|Any CPU
	EndGlobalSection
	GlobalSection(ProjectConfigurationPlatforms) = postSolution
		{460FAB5A-C4B7-43CF-B086-509AE26AD6D7}.Debug|Any CPU.ActiveCfg = Debug|Any CPU
		{460FAB5A-C4B7-43CF-B086-509AE26AD6D7}.Debug|Any CPU.Build.0 = Debug|Any CPU
		{460FAB5A-C4B7-43CF-B086-509AE26AD6D7}.Release|Any CPU.ActiveCfg = Release|Any CPU
		{460FAB5A-C4B7-43CF-B086-509AE26AD6D7}.Release|Any CPU.Build.0 = Release|Any CPU
		{F9F62741-F0CE-4E9B-BFA2-7278441FC00F}.Debug|Any CPU.ActiveCfg = Debug|Any CPU
		{F9F62741-F0CE-4E9B-BFA2-7278441FC00F}.Debug|Any CPU.Build.0 = Debug|Any CPU
		{F9F62741-F0CE-4E9B-BFA2-7278441FC00F}.Release|Any CPU.ActiveCfg = Release|Any CPU
		{F9F62741-F0CE-4E9B-BFA2-7278441FC00F}.Release|Any CPU.Build.0 = Release|Any CPU
	EndGlobalSection
	GlobalSection(SolutionProperties) = preSolution
		HideSolutionNode = FALSE
	EndGlobalSection
	GlobalSection(ExtensibilityGlobals) = postSolution
		SolutionGuid = {5C0834DA-804A-47D7-B046-6363D68A6A89}
	EndGlobalSection
EndGlobal
